
Microsoft Visual Studio Solution File, Format Version 12.00
# Visual Studio Version 16
VisualStudioVersion = 16.0.30621.155
MinimumVisualStudioVersion = 10.0.40219.1
Project("{FAE04EC0-301F-11D3-BF4B-00C04F79EFBC}") = "BindingBasics.Android", "BindingBasics\BindingBasics.Android\BindingBasics.Android.csproj", "{0D75F097-DBB3-40EB-98EE-1DA5811837F2}"
EndProject
Project("{FAE04EC0-301F-11D3-BF4B-00C04F79EFBC}") = "BindingBasics", "BindingBasics\BindingBasics\BindingBasics.csproj", "{8924CC1E-9889-483E-910A-0BACD8184DD3}"
EndProject
Global
	GlobalSection(SolutionConfigurationPlatforms) = preSolution
		Debug|Any CPU = Debug|Any CPU
		Release|Any CPU = Release|Any CPU
	EndGlobalSection
	GlobalSection(ProjectConfigurationPlatforms) = postSolution
		{0D75F097-DBB3-40EB-98EE-1DA5811837F2}.Debug|Any CPU.ActiveCfg = Debug|Any CPU
		{0D75F097-DBB3-40EB-98EE-1DA5811837F2}.Debug|Any CPU.Build.0 = Debug|Any CPU
		{0D75F097-DBB3-40EB-98EE-1DA5811837F2}.Debug|Any CPU.Deploy.0 = Debug|Any CPU
		{0D75F097-DBB3-40EB-98EE-1DA5811837F2}.Release|Any CPU.ActiveCfg = Release|Any CPU
		{0D75F097-DBB3-40EB-98EE-1DA5811837F2}.Release|Any CPU.Build.0 = Release|Any CPU
		{0D75F097-DBB3-40EB-98EE-1DA5811837F2}.Release|Any CPU.Deploy.0 = Release|Any CPU
		{8924CC1E-9889-483E-910A-0BACD8184DD3}.Debug|Any CPU.ActiveCfg = Debug|Any CPU
		{8924CC1E-9889-483E-910A-0BACD8184DD3}.Debug|Any CPU.Build.0 = Debug|Any CPU
		{8924CC1E-9889-483E-910A-0BACD8184DD3}.Debug|Any CPU.Deploy.0 = Debug|Any CPU
		{8924CC1E-9889-483E-910A-0BACD8184DD3}.Release|Any CPU.ActiveCfg = Release|Any CPU
		{8924CC1E-9889-483E-910A-0BACD8184DD3}.Release|Any CPU.Build.0 = Release|Any CPU
		{8924CC1E-9889-483E-910A-0BACD8184DD3}.Release|Any CPU.Deploy.0 = Release|Any CPU
	EndGlobalSection
	GlobalSection(SolutionProperties) = preSolution
		HideSolutionNode = FALSE
	EndGlobalSection
	GlobalSection(ExtensibilityGlobals) = postSolution
		SolutionGuid = {088A991F-06E0-4D0B-8209-A2631C0B30A8}
	EndGlobalSection
EndGlobal
